
Microsoft Visual Studio Solution File, Format Version 12.00
# Visual Studio Version 16
VisualStudioVersion = 16.0.31729.503
MinimumVisualStudioVersion = 10.0.40219.1
Project("{FAE04EC0-301F-11D3-BF4B-00C04F79EFBC}") = "OCPViolationApp", "OCPViolationApp\OCPViolationApp.csproj", "{2CD0C028-42F0-42C6-95F7-C67C7999922E}"
EndProject
Project("{FAE04EC0-301F-11D3-BF4B-00C04F79EFBC}") = "OCPSolutionApp", "OCPSolutionApp\OCPSolutionApp.csproj", "{7C8A2290-8372-4EF4-8562-BF8D9F176EF9}"
EndProject
Global
	GlobalSection(SolutionConfigurationPlatforms) = preSolution
		Debug|Any CPU = Debug|Any CPU
		Release|Any CPU = Release|Any CPU
	EndGlobalSection
	GlobalSection(ProjectConfigurationPlatforms) = postSolution
		{2CD0C028-42F0-42C6-95F7-C67C7999922E}.Debug|Any CPU.ActiveCfg = Debug|Any CPU
		{2CD0C028-42F0-42C6-95F7-C67C7999922E}.Debug|Any CPU.Build.0 = Debug|Any CPU
		{2CD0C028-42F0-42C6-95F7-C67C7999922E}.Release|Any CPU.ActiveCfg = Release|Any CPU
		{2CD0C028-42F0-42C6-95F7-C67C7999922E}.Release|Any CPU.Build.0 = Release|Any CPU
		{7C8A2290-8372-4EF4-8562-BF8D9F176EF9}.Debug|Any CPU.ActiveCfg = Debug|Any CPU
		{7C8A2290-8372-4EF4-8562-BF8D9F176EF9}.Debug|Any CPU.Build.0 = Debug|Any CPU
		{7C8A2290-8372-4EF4-8562-BF8D9F176EF9}.Release|Any CPU.ActiveCfg = Release|Any CPU
		{7C8A2290-8372-4EF4-8562-BF8D9F176EF9}.Release|Any CPU.Build.0 = Release|Any CPU
	EndGlobalSection
	GlobalSection(SolutionProperties) = preSolution
		HideSolutionNode = FALSE
	EndGlobalSection
	GlobalSection(ExtensibilityGlobals) = postSolution
		SolutionGuid = {1D11F26A-CF03-497A-91B6-3EAE2459C0E9}
	EndGlobalSection
EndGlobal
